
Microsoft Visual Studio Solution File, Format Version 12.00
# Visual Studio Version 17
VisualStudioVersion = 17.8.34316.72
MinimumVisualStudioVersion = 10.0.40219.1
Project("{FAE04EC0-301F-11D3-BF4B-00C04F79EFBC}") = "MadhuriPortfolio", "MadhuriPortfolio\MadhuriPortfolio.csproj", "{FB9FA52E-C223-4186-8E44-387C9AB826CE}"
EndProject
Global
	GlobalSection(SolutionConfigurationPlatforms) = preSolution
		Debug|Any CPU = Debug|Any CPU
		Release|Any CPU = Release|Any CPU
	EndGlobalSection
	GlobalSection(ProjectConfigurationPlatforms) = postSolution
		{FB9FA52E-C223-4186-8E44-387C9AB826CE}.Debug|Any CPU.ActiveCfg = Debug|Any CPU
		{FB9FA52E-C223-4186-8E44-387C9AB826CE}.Debug|Any CPU.Build.0 = Debug|Any CPU
		{FB9FA52E-C223-4186-8E44-387C9AB826CE}.Release|Any CPU.ActiveCfg = Release|Any CPU
		{FB9FA52E-C223-4186-8E44-387C9AB826CE}.Release|Any CPU.Build.0 = Release|Any CPU
	EndGlobalSection
	GlobalSection(SolutionProperties) = preSolution
		HideSolutionNode = FALSE
	EndGlobalSection
	GlobalSection(ExtensibilityGlobals) = postSolution
		SolutionGuid = {39251F0F-3E00-4E6F-A823-1374E31C24AF}
	EndGlobalSection
EndGlobal
